
Microsoft Visual Studio Solution File, Format Version 12.00
# Visual Studio Version 16
VisualStudioVersion = 16.0.30204.135
MinimumVisualStudioVersion = 10.0.40219.1
Project("{FAE04EC0-301F-11D3-BF4B-00C04F79EFBC}") = "Campeonato_App_G1.Android", "Campeonato_App_G1\Campeonato_App_G1.Android\Campeonato_App_G1.Android.csproj", "{CC5367D3-387E-459F-8E19-7F4647AB6D71}"
EndProject
Project("{FAE04EC0-301F-11D3-BF4B-00C04F79EFBC}") = "Campeonato_App_G1", "Campeonato_App_G1\Campeonato_App_G1\Campeonato_App_G1.csproj", "{DEA040E2-6D39-4712-BC0F-AD5C30988438}"
EndProject
Global
	GlobalSection(SolutionConfigurationPlatforms) = preSolution
		Debug|Any CPU = Debug|Any CPU
		Release|Any CPU = Release|Any CPU
	EndGlobalSection
	GlobalSection(ProjectConfigurationPlatforms) = postSolution
		{CC5367D3-387E-459F-8E19-7F4647AB6D71}.Debug|Any CPU.ActiveCfg = Debug|Any CPU
		{CC5367D3-387E-459F-8E19-7F4647AB6D71}.Debug|Any CPU.Build.0 = Debug|Any CPU
		{CC5367D3-387E-459F-8E19-7F4647AB6D71}.Debug|Any CPU.Deploy.0 = Debug|Any CPU
		{CC5367D3-387E-459F-8E19-7F4647AB6D71}.Release|Any CPU.ActiveCfg = Release|Any CPU
		{CC5367D3-387E-459F-8E19-7F4647AB6D71}.Release|Any CPU.Build.0 = Release|Any CPU
		{CC5367D3-387E-459F-8E19-7F4647AB6D71}.Release|Any CPU.Deploy.0 = Release|Any CPU
		{DEA040E2-6D39-4712-BC0F-AD5C30988438}.Debug|Any CPU.ActiveCfg = Debug|Any CPU
		{DEA040E2-6D39-4712-BC0F-AD5C30988438}.Debug|Any CPU.Build.0 = Debug|Any CPU
		{DEA040E2-6D39-4712-BC0F-AD5C30988438}.Debug|Any CPU.Deploy.0 = Debug|Any CPU
		{DEA040E2-6D39-4712-BC0F-AD5C30988438}.Release|Any CPU.ActiveCfg = Release|Any CPU
		{DEA040E2-6D39-4712-BC0F-AD5C30988438}.Release|Any CPU.Build.0 = Release|Any CPU
		{DEA040E2-6D39-4712-BC0F-AD5C30988438}.Release|Any CPU.Deploy.0 = Release|Any CPU
	EndGlobalSection
	GlobalSection(SolutionProperties) = preSolution
		HideSolutionNode = FALSE
	EndGlobalSection
	GlobalSection(ExtensibilityGlobals) = postSolution
		SolutionGuid = {3C5E72D0-2571-4534-B456-1FC75CA8B072}
	EndGlobalSection
EndGlobal
